
Microsoft Visual Studio Solution File, Format Version 12.00
# Visual Studio Version 16
VisualStudioVersion = 16.0.30011.22
MinimumVisualStudioVersion = 10.0.40219.1
Project("{FAE04EC0-301F-11D3-BF4B-00C04F79EFBC}") = "Lab1_WF", "Lab1_WF\Lab1_WF.csproj", "{3236D458-9598-4BBB-B673-DD2A47A76C44}"
EndProject
Global
	GlobalSection(SolutionConfigurationPlatforms) = preSolution
		Debug|Any CPU = Debug|Any CPU
		Release|Any CPU = Release|Any CPU
	EndGlobalSection
	GlobalSection(ProjectConfigurationPlatforms) = postSolution
		{3236D458-9598-4BBB-B673-DD2A47A76C44}.Debug|Any CPU.ActiveCfg = Debug|Any CPU
		{3236D458-9598-4BBB-B673-DD2A47A76C44}.Debug|Any CPU.Build.0 = Debug|Any CPU
		{3236D458-9598-4BBB-B673-DD2A47A76C44}.Release|Any CPU.ActiveCfg = Release|Any CPU
		{3236D458-9598-4BBB-B673-DD2A47A76C44}.Release|Any CPU.Build.0 = Release|Any CPU
	EndGlobalSection
	GlobalSection(SolutionProperties) = preSolution
		HideSolutionNode = FALSE
	EndGlobalSection
	GlobalSection(ExtensibilityGlobals) = postSolution
		SolutionGuid = {F72E8C19-14FB-4E25-9361-F6110C09D58E}
	EndGlobalSection
EndGlobal
